
Microsoft Visual Studio Solution File, Format Version 12.00
# Visual Studio 15
VisualStudioVersion = 15.0.28307.168
MinimumVisualStudioVersion = 10.0.40219.1
Project("{FAE04EC0-301F-11D3-BF4B-00C04F79EFBC}") = "Tjuring Machine Term Paper", "Tjuring Machine Term Paper.csproj", "{F42C7558-CFA5-4335-8D0B-36DB57D5DE25}"
EndProject
Global
	GlobalSection(SolutionConfigurationPlatforms) = preSolution
		Debug|Any CPU = Debug|Any CPU
		Release|Any CPU = Release|Any CPU
	EndGlobalSection
	GlobalSection(ProjectConfigurationPlatforms) = postSolution
		{F42C7558-CFA5-4335-8D0B-36DB57D5DE25}.Debug|Any CPU.ActiveCfg = Debug|Any CPU
		{F42C7558-CFA5-4335-8D0B-36DB57D5DE25}.Debug|Any CPU.Build.0 = Debug|Any CPU
		{F42C7558-CFA5-4335-8D0B-36DB57D5DE25}.Release|Any CPU.ActiveCfg = Release|Any CPU
		{F42C7558-CFA5-4335-8D0B-36DB57D5DE25}.Release|Any CPU.Build.0 = Release|Any CPU
	EndGlobalSection
	GlobalSection(SolutionProperties) = preSolution
		HideSolutionNode = FALSE
	EndGlobalSection
	GlobalSection(ExtensibilityGlobals) = postSolution
		SolutionGuid = {C7C88009-2ABF-427C-A82F-5A2DD68CA9A5}
	EndGlobalSection
EndGlobal
