
Microsoft Visual Studio Solution File, Format Version 12.00
# Visual Studio 15
VisualStudioVersion = 15.0.27130.2027
MinimumVisualStudioVersion = 10.0.40219.1
Project("{FAE04EC0-301F-11D3-BF4B-00C04F79EFBC}") = "Gomoku", "Gomoku.csproj", "{3AAE3A73-4982-4E64-BF59-E66FA425802C}"
EndProject
Global
	GlobalSection(SolutionConfigurationPlatforms) = preSolution
		Debug|Any CPU = Debug|Any CPU
		Release|Any CPU = Release|Any CPU
	EndGlobalSection
	GlobalSection(ProjectConfigurationPlatforms) = postSolution
		{3AAE3A73-4982-4E64-BF59-E66FA425802C}.Debug|Any CPU.ActiveCfg = Debug|Any CPU
		{3AAE3A73-4982-4E64-BF59-E66FA425802C}.Debug|Any CPU.Build.0 = Debug|Any CPU
		{3AAE3A73-4982-4E64-BF59-E66FA425802C}.Release|Any CPU.ActiveCfg = Release|Any CPU
		{3AAE3A73-4982-4E64-BF59-E66FA425802C}.Release|Any CPU.Build.0 = Release|Any CPU
	EndGlobalSection
	GlobalSection(SolutionProperties) = preSolution
		HideSolutionNode = FALSE
	EndGlobalSection
	GlobalSection(ExtensibilityGlobals) = postSolution
		SolutionGuid = {0987F489-B472-49C4-A52B-952EC12528FD}
	EndGlobalSection
EndGlobal
